
Microsoft Visual Studio Solution File, Format Version 12.00
# Visual Studio Version 17
VisualStudioVersion = 17.4.33213.308
MinimumVisualStudioVersion = 10.0.40219.1
Project("{FAE04EC0-301F-11D3-BF4B-00C04F79EFBC}") = "PR0J3CT", "PR0J3CT\PR0J3CT.csproj", "{1FDFA4C6-6BB1-4772-9E5E-B3FFAB8476DD}"
EndProject
Global
	GlobalSection(SolutionConfigurationPlatforms) = preSolution
		Debug|Any CPU = Debug|Any CPU
		Release|Any CPU = Release|Any CPU
	EndGlobalSection
	GlobalSection(ProjectConfigurationPlatforms) = postSolution
		{1FDFA4C6-6BB1-4772-9E5E-B3FFAB8476DD}.Debug|Any CPU.ActiveCfg = Debug|Any CPU
		{1FDFA4C6-6BB1-4772-9E5E-B3FFAB8476DD}.Debug|Any CPU.Build.0 = Debug|Any CPU
		{1FDFA4C6-6BB1-4772-9E5E-B3FFAB8476DD}.Release|Any CPU.ActiveCfg = Release|Any CPU
		{1FDFA4C6-6BB1-4772-9E5E-B3FFAB8476DD}.Release|Any CPU.Build.0 = Release|Any CPU
	EndGlobalSection
	GlobalSection(SolutionProperties) = preSolution
		HideSolutionNode = FALSE
	EndGlobalSection
	GlobalSection(ExtensibilityGlobals) = postSolution
		SolutionGuid = {733237A3-404D-482A-AB9D-681941F93FB7}
	EndGlobalSection
EndGlobal
